
Microsoft Visual Studio Solution File, Format Version 12.00
# Visual Studio Version 16
VisualStudioVersion = 16.0.30114.105
MinimumVisualStudioVersion = 10.0.40219.1
Project("{FAE04EC0-301F-11D3-BF4B-00C04F79EFBC}") = "WebApplication1", "WebApplication1\WebApplication1.csproj", "{2214F224-1EDC-49EE-99B0-86898DEB641E}"
EndProject
Global
	GlobalSection(SolutionConfigurationPlatforms) = preSolution
		Debug|Any CPU = Debug|Any CPU
		Release|Any CPU = Release|Any CPU
	EndGlobalSection
	GlobalSection(ProjectConfigurationPlatforms) = postSolution
		{2214F224-1EDC-49EE-99B0-86898DEB641E}.Debug|Any CPU.ActiveCfg = Debug|Any CPU
		{2214F224-1EDC-49EE-99B0-86898DEB641E}.Debug|Any CPU.Build.0 = Debug|Any CPU
		{2214F224-1EDC-49EE-99B0-86898DEB641E}.Release|Any CPU.ActiveCfg = Release|Any CPU
		{2214F224-1EDC-49EE-99B0-86898DEB641E}.Release|Any CPU.Build.0 = Release|Any CPU
	EndGlobalSection
	GlobalSection(SolutionProperties) = preSolution
		HideSolutionNode = FALSE
	EndGlobalSection
	GlobalSection(ExtensibilityGlobals) = postSolution
		SolutionGuid = {CEF38579-BA0E-4CE8-AE35-064B72F6CBE3}
	EndGlobalSection
EndGlobal
